
Microsoft Visual Studio Solution File, Format Version 12.00
# Visual Studio Version 16
VisualStudioVersion = 16.0.31729.503
MinimumVisualStudioVersion = 10.0.40219.1
Project("{FAE04EC0-301F-11D3-BF4B-00C04F79EFBC}") = "NewParkingPrag2", "NewParkingPrag2\NewParkingPrag2.csproj", "{30364182-783E-4005-9648-949586C98525}"
EndProject
Global
	GlobalSection(SolutionConfigurationPlatforms) = preSolution
		Debug|Any CPU = Debug|Any CPU
		Release|Any CPU = Release|Any CPU
	EndGlobalSection
	GlobalSection(ProjectConfigurationPlatforms) = postSolution
		{30364182-783E-4005-9648-949586C98525}.Debug|Any CPU.ActiveCfg = Debug|Any CPU
		{30364182-783E-4005-9648-949586C98525}.Debug|Any CPU.Build.0 = Debug|Any CPU
		{30364182-783E-4005-9648-949586C98525}.Release|Any CPU.ActiveCfg = Release|Any CPU
		{30364182-783E-4005-9648-949586C98525}.Release|Any CPU.Build.0 = Release|Any CPU
	EndGlobalSection
	GlobalSection(SolutionProperties) = preSolution
		HideSolutionNode = FALSE
	EndGlobalSection
	GlobalSection(ExtensibilityGlobals) = postSolution
		SolutionGuid = {E8542E8E-CE5D-482D-9083-84B10E922A03}
	EndGlobalSection
EndGlobal
